
Microsoft Visual Studio Solution File, Format Version 12.00
# Visual Studio Version 16
VisualStudioVersion = 16.0.31402.337
MinimumVisualStudioVersion = 10.0.40219.1
Project("{FAE04EC0-301F-11D3-BF4B-00C04F79EFBC}") = "DBMSproject", "DBMSproject.csproj", "{F12EE32B-DBA3-474B-A32D-AD6A42F148CE}"
EndProject
Project("{FAE04EC0-301F-11D3-BF4B-00C04F79EFBC}") = "MarketManagement", "..\Project\MarketManagement\MarketManagement.csproj", "{5898346D-4205-4A0D-B140-0285AFB7B378}"
EndProject
Global
	GlobalSection(SolutionConfigurationPlatforms) = preSolution
		Debug|Any CPU = Debug|Any CPU
		Release|Any CPU = Release|Any CPU
	EndGlobalSection
	GlobalSection(ProjectConfigurationPlatforms) = postSolution
		{F12EE32B-DBA3-474B-A32D-AD6A42F148CE}.Debug|Any CPU.ActiveCfg = Debug|Any CPU
		{F12EE32B-DBA3-474B-A32D-AD6A42F148CE}.Debug|Any CPU.Build.0 = Debug|Any CPU
		{F12EE32B-DBA3-474B-A32D-AD6A42F148CE}.Release|Any CPU.ActiveCfg = Release|Any CPU
		{F12EE32B-DBA3-474B-A32D-AD6A42F148CE}.Release|Any CPU.Build.0 = Release|Any CPU
		{5898346D-4205-4A0D-B140-0285AFB7B378}.Debug|Any CPU.ActiveCfg = Debug|Any CPU
		{5898346D-4205-4A0D-B140-0285AFB7B378}.Debug|Any CPU.Build.0 = Debug|Any CPU
		{5898346D-4205-4A0D-B140-0285AFB7B378}.Release|Any CPU.ActiveCfg = Release|Any CPU
		{5898346D-4205-4A0D-B140-0285AFB7B378}.Release|Any CPU.Build.0 = Release|Any CPU
	EndGlobalSection
	GlobalSection(SolutionProperties) = preSolution
		HideSolutionNode = FALSE
	EndGlobalSection
	GlobalSection(ExtensibilityGlobals) = postSolution
		SolutionGuid = {A35AA044-D01E-43EF-ADE7-23A30EA84E1E}
	EndGlobalSection
EndGlobal
